
Microsoft Visual Studio Solution File, Format Version 12.00
# Visual Studio Version 16
VisualStudioVersion = 16.0.34301.259
MinimumVisualStudioVersion = 10.0.40219.1
Project("{8BC9CEB8-8B4A-11D0-8D11-00A0C91BC942}") = "BaiLam", "BaiLam.vcxproj", "{59553275-429C-4936-85F1-885ACD2CEA44}"
EndProject
Global
	GlobalSection(SolutionConfigurationPlatforms) = preSolution
		Debug|x64 = Debug|x64
		Debug|x86 = Debug|x86
		Release|x64 = Release|x64
		Release|x86 = Release|x86
	EndGlobalSection
	GlobalSection(ProjectConfigurationPlatforms) = postSolution
		{59553275-429C-4936-85F1-885ACD2CEA44}.Debug|x64.ActiveCfg = Debug|x64
		{59553275-429C-4936-85F1-885ACD2CEA44}.Debug|x64.Build.0 = Debug|x64
		{59553275-429C-4936-85F1-885ACD2CEA44}.Debug|x86.ActiveCfg = Debug|Win32
		{59553275-429C-4936-85F1-885ACD2CEA44}.Debug|x86.Build.0 = Debug|Win32
		{59553275-429C-4936-85F1-885ACD2CEA44}.Release|x64.ActiveCfg = Release|x64
		{59553275-429C-4936-85F1-885ACD2CEA44}.Release|x64.Build.0 = Release|x64
		{59553275-429C-4936-85F1-885ACD2CEA44}.Release|x86.ActiveCfg = Release|Win32
		{59553275-429C-4936-85F1-885ACD2CEA44}.Release|x86.Build.0 = Release|Win32
	EndGlobalSection
	GlobalSection(SolutionProperties) = preSolution
		HideSolutionNode = FALSE
	EndGlobalSection
	GlobalSection(ExtensibilityGlobals) = postSolution
		SolutionGuid = {82689543-5D6A-450B-A827-2F04F6CEC0D0}
	EndGlobalSection
EndGlobal
